
Microsoft Visual Studio Solution File, Format Version 12.00
# Visual Studio Version 17
VisualStudioVersion = 17.9.34728.123
MinimumVisualStudioVersion = 10.0.40219.1
Project("{FAE04EC0-301F-11D3-BF4B-00C04F79EFBC}") = "HelloGymJS", "HelloGymJS\HelloGymJS.csproj", "{22A3D5D0-A0B0-416D-BDA9-E3937AEBA5F2}"
EndProject
Global
	GlobalSection(SolutionConfigurationPlatforms) = preSolution
		Debug|Any CPU = Debug|Any CPU
		Release|Any CPU = Release|Any CPU
	EndGlobalSection
	GlobalSection(ProjectConfigurationPlatforms) = postSolution
		{22A3D5D0-A0B0-416D-BDA9-E3937AEBA5F2}.Debug|Any CPU.ActiveCfg = Debug|Any CPU
		{22A3D5D0-A0B0-416D-BDA9-E3937AEBA5F2}.Debug|Any CPU.Build.0 = Debug|Any CPU
		{22A3D5D0-A0B0-416D-BDA9-E3937AEBA5F2}.Release|Any CPU.ActiveCfg = Release|Any CPU
		{22A3D5D0-A0B0-416D-BDA9-E3937AEBA5F2}.Release|Any CPU.Build.0 = Release|Any CPU
	EndGlobalSection
	GlobalSection(SolutionProperties) = preSolution
		HideSolutionNode = FALSE
	EndGlobalSection
	GlobalSection(ExtensibilityGlobals) = postSolution
		SolutionGuid = {EEE1AB87-24D4-48FC-8A1D-220008C23519}
	EndGlobalSection
EndGlobal
